
Microsoft Visual Studio Solution File, Format Version 12.00
# Visual Studio 14
VisualStudioVersion = 14.0.25420.1
MinimumVisualStudioVersion = 10.0.40219.1
Project("{8BC9CEB8-8B4A-11D0-8D11-00A0C91BC942}") = "SDL2", "SDL2\SDL2.vcxproj", "{AC35D4B2-8AFD-4C45-AFF7-423BD2EF6107}"
EndProject
Project("{8BC9CEB8-8B4A-11D0-8D11-00A0C91BC942}") = "SDL2_image", "SDL2_image\SDL2_image.vcxproj", "{83DBF906-D144-4920-9207-E1038B26C88D}"
EndProject
Project("{8BC9CEB8-8B4A-11D0-8D11-00A0C91BC942}") = "SDL2_ttf", "SDL2_ttf\SDL2_ttf.vcxproj", "{5730A80F-A173-4F10-BF32-31BFF25BB49A}"
EndProject
Project("{8BC9CEB8-8B4A-11D0-8D11-00A0C91BC942}") = "SDL2main", "SDL2main\SDL2main.vcxproj", "{2FA30E73-C767-46EC-BD23-EC3AE3F92ABC}"
EndProject
Project("{8BC9CEB8-8B4A-11D0-8D11-00A0C91BC942}") = "SDL_gpu", "SDL_gpu\SDL_gpu.vcxproj", "{E89B6DE9-E7F3-4FF8-92F8-D71E7BAC87E7}"
EndProject
Project("{8BC9CEB8-8B4A-11D0-8D11-00A0C91BC942}") = "libsoil2", "libsoil2\libsoil2.vcxproj", "{5CA45C92-0666-4C96-B9D8-5962E67DE055}"
EndProject
Project("{8BC9CEB8-8B4A-11D0-8D11-00A0C91BC942}") = "libglew", "libglew\libglew.vcxproj", "{9DBCE6B3-8CBD-4A62-BFD1-315A8459C8B0}"
EndProject
Project("{8BC9CEB8-8B4A-11D0-8D11-00A0C91BC942}") = "libspdlog", "libspdlog\libspdlog.vcxproj", "{7A32B084-7D09-4D09-8195-9BCE7F958371}"
EndProject
Project("{8BC9CEB8-8B4A-11D0-8D11-00A0C91BC942}") = "libeasyprofiler", "libeasyprofiler\libeasyprofiler.vcxproj", "{719E04AA-426A-49A9-9990-5103A5775D0A}"
EndProject
Project("{8BC9CEB8-8B4A-11D0-8D11-00A0C91BC942}") = "liblz4", "liblz4\liblz4.vcxproj", "{14F4308A-C7D1-4533-A0A1-72DB74C78BB7}"
EndProject
Project("{8BC9CEB8-8B4A-11D0-8D11-00A0C91BC942}") = "libimgui", "libimgui\libimgui.vcxproj", "{3160706F-23B1-4D5F-83DE-7F33577325FB}"
EndProject
Project("{8BC9CEB8-8B4A-11D0-8D11-00A0C91BC942}") = "libglfw3", "libglfw3\libglfw3.vcxproj", "{9710D0E6-CE03-447E-9DB7-00982363C58A}"
EndProject
Project("{8BC9CEB8-8B4A-11D0-8D11-00A0C91BC942}") = "libenet", "libenet\libenet.vcxproj", "{4B06F4AA-FC6B-4FF1-A939-20994E9FD7E3}"
EndProject
Project("{8BC9CEB8-8B4A-11D0-8D11-00A0C91BC942}") = "libbox2d", "libbox2d\libbox2d.vcxproj", "{897AA571-0923-4A69-A222-FE7ECF5B884C}"
EndProject
Project("{8BC9CEB8-8B4A-11D0-8D11-00A0C91BC942}") = "FallingSandSurvival", "FallingSandSurvival\FallingSandSurvival.vcxproj", "{5E98725D-CA55-4B25-BC75-F4C2C20590D6}"
EndProject
Project("{8BC9CEB8-8B4A-11D0-8D11-00A0C91BC942}") = "libgl3w", "libgl3w\libgl3w.vcxproj", "{E4B64873-9F69-4F7F-BBE1-CBCD2C2DF71F}"
EndProject
Project("{8BC9CEB8-8B4A-11D0-8D11-00A0C91BC942}") = "libpng", "libpng\libpng.vcxproj", "{7DB10B50-CE00-4D7A-B322-6824F05D2FCB}"
EndProject
Project("{8BC9CEB8-8B4A-11D0-8D11-00A0C91BC942}") = "libzlib", "libzlib\libzlib.vcxproj", "{3EDA72B4-0BF1-4D04-ADE4-B6ED77CDB985}"
EndProject
Project("{8BC9CEB8-8B4A-11D0-8D11-00A0C91BC942}") = "libfreetype", "libfreetype\libfreetype.vcxproj", "{40019CFF-D32E-4BCF-9831-17F1F15690C5}"
EndProject
Global
	GlobalSection(SolutionConfigurationPlatforms) = preSolution
		Debug|x64 = Debug|x64
		Debug|x86 = Debug|x86
		Release|x64 = Release|x64
		Release|x86 = Release|x86
	EndGlobalSection
	GlobalSection(ProjectConfigurationPlatforms) = postSolution
		{AC35D4B2-8AFD-4C45-AFF7-423BD2EF6107}.Debug|x64.ActiveCfg = Debug|x64
		{AC35D4B2-8AFD-4C45-AFF7-423BD2EF6107}.Debug|x64.Build.0 = Debug|x64
		{AC35D4B2-8AFD-4C45-AFF7-423BD2EF6107}.Debug|x86.ActiveCfg = Debug|Win32
		{AC35D4B2-8AFD-4C45-AFF7-423BD2EF6107}.Debug|x86.Build.0 = Debug|Win32
		{AC35D4B2-8AFD-4C45-AFF7-423BD2EF6107}.Release|x64.ActiveCfg = Release|x64
		{AC35D4B2-8AFD-4C45-AFF7-423BD2EF6107}.Release|x64.Build.0 = Release|x64
		{AC35D4B2-8AFD-4C45-AFF7-423BD2EF6107}.Release|x86.ActiveCfg = Release|Win32
		{AC35D4B2-8AFD-4C45-AFF7-423BD2EF6107}.Release|x86.Build.0 = Release|Win32
		{83DBF906-D144-4920-9207-E1038B26C88D}.Debug|x64.ActiveCfg = Debug|x64
		{83DBF906-D144-4920-9207-E1038B26C88D}.Debug|x64.Build.0 = Debug|x64
		{83DBF906-D144-4920-9207-E1038B26C88D}.Debug|x86.ActiveCfg = Debug|Win32
		{83DBF906-D144-4920-9207-E1038B26C88D}.Debug|x86.Build.0 = Debug|Win32
		{83DBF906-D144-4920-9207-E1038B26C88D}.Release|x64.ActiveCfg = Release|x64
		{83DBF906-D144-4920-9207-E1038B26C88D}.Release|x64.Build.0 = Release|x64
		{83DBF906-D144-4920-9207-E1038B26C88D}.Release|x86.ActiveCfg = Release|Win32
		{83DBF906-D144-4920-9207-E1038B26C88D}.Release|x86.Build.0 = Release|Win32
		{5730A80F-A173-4F10-BF32-31BFF25BB49A}.Debug|x64.ActiveCfg = Debug|x64
		{5730A80F-A173-4F10-BF32-31BFF25BB49A}.Debug|x64.Build.0 = Debug|x64
		{5730A80F-A173-4F10-BF32-31BFF25BB49A}.Debug|x86.ActiveCfg = Debug|Win32
		{5730A80F-A173-4F10-BF32-31BFF25BB49A}.Debug|x86.Build.0 = Debug|Win32
		{5730A80F-A173-4F10-BF32-31BFF25BB49A}.Release|x64.ActiveCfg = Release|x64
		{5730A80F-A173-4F10-BF32-31BFF25BB49A}.Release|x64.Build.0 = Release|x64
		{5730A80F-A173-4F10-BF32-31BFF25BB49A}.Release|x86.ActiveCfg = Release|Win32
		{5730A80F-A173-4F10-BF32-31BFF25BB49A}.Release|x86.Build.0 = Release|Win32
		{2FA30E73-C767-46EC-BD23-EC3AE3F92ABC}.Debug|x64.ActiveCfg = Debug|x64
		{2FA30E73-C767-46EC-BD23-EC3AE3F92ABC}.Debug|x64.Build.0 = Debug|x64
		{2FA30E73-C767-46EC-BD23-EC3AE3F92ABC}.Debug|x86.ActiveCfg = Debug|Win32
		{2FA30E73-C767-46EC-BD23-EC3AE3F92ABC}.Debug|x86.Build.0 = Debug|Win32
		{2FA30E73-C767-46EC-BD23-EC3AE3F92ABC}.Release|x64.ActiveCfg = Release|x64
		{2FA30E73-C767-46EC-BD23-EC3AE3F92ABC}.Release|x64.Build.0 = Release|x64
		{2FA30E73-C767-46EC-BD23-EC3AE3F92ABC}.Release|x86.ActiveCfg = Release|Win32
		{2FA30E73-C767-46EC-BD23-EC3AE3F92ABC}.Release|x86.Build.0 = Release|Win32
		{E89B6DE9-E7F3-4FF8-92F8-D71E7BAC87E7}.Debug|x64.ActiveCfg = Debug|x64
		{E89B6DE9-E7F3-4FF8-92F8-D71E7BAC87E7}.Debug|x64.Build.0 = Debug|x64
		{E89B6DE9-E7F3-4FF8-92F8-D71E7BAC87E7}.Debug|x86.ActiveCfg = Debug|Win32
		{E89B6DE9-E7F3-4FF8-92F8-D71E7BAC87E7}.Debug|x86.Build.0 = Debug|Win32
		{E89B6DE9-E7F3-4FF8-92F8-D71E7BAC87E7}.Release|x64.ActiveCfg = Release|x64
		{E89B6DE9-E7F3-4FF8-92F8-D71E7BAC87E7}.Release|x64.Build.0 = Release|x64
		{E89B6DE9-E7F3-4FF8-92F8-D71E7BAC87E7}.Release|x86.ActiveCfg = Release|Win32
		{E89B6DE9-E7F3-4FF8-92F8-D71E7BAC87E7}.Release|x86.Build.0 = Release|Win32
		{5CA45C92-0666-4C96-B9D8-5962E67DE055}.Debug|x64.ActiveCfg = Debug|x64
		{5CA45C92-0666-4C96-B9D8-5962E67DE055}.Debug|x64.Build.0 = Debug|x64
		{5CA45C92-0666-4C96-B9D8-5962E67DE055}.Debug|x86.ActiveCfg = Debug|Win32
		{5CA45C92-0666-4C96-B9D8-5962E67DE055}.Debug|x86.Build.0 = Debug|Win32
		{5CA45C92-0666-4C96-B9D8-5962E67DE055}.Release|x64.ActiveCfg = Release|x64
		{5CA45C92-0666-4C96-B9D8-5962E67DE055}.Release|x64.Build.0 = Release|x64
		{5CA45C92-0666-4C96-B9D8-5962E67DE055}.Release|x86.ActiveCfg = Release|Win32
		{5CA45C92-0666-4C96-B9D8-5962E67DE055}.Release|x86.Build.0 = Release|Win32
		{9DBCE6B3-8CBD-4A62-BFD1-315A8459C8B0}.Debug|x64.ActiveCfg = Debug|x64
		{9DBCE6B3-8CBD-4A62-BFD1-315A8459C8B0}.Debug|x64.Build.0 = Debug|x64
		{9DBCE6B3-8CBD-4A62-BFD1-315A8459C8B0}.Debug|x86.ActiveCfg = Debug|Win32
		{9DBCE6B3-8CBD-4A62-BFD1-315A8459C8B0}.Debug|x86.Build.0 = Debug|Win32
		{9DBCE6B3-8CBD-4A62-BFD1-315A8459C8B0}.Release|x64.ActiveCfg = Release|x64
		{9DBCE6B3-8CBD-4A62-BFD1-315A8459C8B0}.Release|x64.Build.0 = Release|x64
		{9DBCE6B3-8CBD-4A62-BFD1-315A8459C8B0}.Release|x86.ActiveCfg = Release|Win32
		{9DBCE6B3-8CBD-4A62-BFD1-315A8459C8B0}.Release|x86.Build.0 = Release|Win32
		{7A32B084-7D09-4D09-8195-9BCE7F958371}.Debug|x64.ActiveCfg = Debug|x64
		{7A32B084-7D09-4D09-8195-9BCE7F958371}.Debug|x64.Build.0 = Debug|x64
		{7A32B084-7D09-4D09-8195-9BCE7F958371}.Debug|x86.ActiveCfg = Debug|Win32
		{7A32B084-7D09-4D09-8195-9BCE7F958371}.Debug|x86.Build.0 = Debug|Win32
		{7A32B084-7D09-4D09-8195-9BCE7F958371}.Release|x64.ActiveCfg = Release|x64
		{7A32B084-7D09-4D09-8195-9BCE7F958371}.Release|x64.Build.0 = Release|x64
		{7A32B084-7D09-4D09-8195-9BCE7F958371}.Release|x86.ActiveCfg = Release|Win32
		{7A32B084-7D09-4D09-8195-9BCE7F958371}.Release|x86.Build.0 = Release|Win32
		{719E04AA-426A-49A9-9990-5103A5775D0A}.Debug|x64.ActiveCfg = Debug|x64
		{719E04AA-426A-49A9-9990-5103A5775D0A}.Debug|x64.Build.0 = Debug|x64
		{719E04AA-426A-49A9-9990-5103A5775D0A}.Debug|x86.ActiveCfg = Debug|Win32
		{719E04AA-426A-49A9-9990-5103A5775D0A}.Debug|x86.Build.0 = Debug|Win32
		{719E04AA-426A-49A9-9990-5103A5775D0A}.Release|x64.ActiveCfg = Release|x64
		{719E04AA-426A-49A9-9990-5103A5775D0A}.Release|x64.Build.0 = Release|x64
		{719E04AA-426A-49A9-9990-5103A5775D0A}.Release|x86.ActiveCfg = Release|Win32
		{719E04AA-426A-49A9-9990-5103A5775D0A}.Release|x86.Build.0 = Release|Win32
		{14F4308A-C7D1-4533-A0A1-72DB74C78BB7}.Debug|x64.ActiveCfg = Debug|x64
		{14F4308A-C7D1-4533-A0A1-72DB74C78BB7}.Debug|x64.Build.0 = Debug|x64
		{14F4308A-C7D1-4533-A0A1-72DB74C78BB7}.Debug|x86.ActiveCfg = Debug|Win32
		{14F4308A-C7D1-4533-A0A1-72DB74C78BB7}.Debug|x86.Build.0 = Debug|Win32
		{14F4308A-C7D1-4533-A0A1-72DB74C78BB7}.Release|x64.ActiveCfg = Release|x64
		{14F4308A-C7D1-4533-A0A1-72DB74C78BB7}.Release|x64.Build.0 = Release|x64
		{14F4308A-C7D1-4533-A0A1-72DB74C78BB7}.Release|x86.ActiveCfg = Release|Win32
		{14F4308A-C7D1-4533-A0A1-72DB74C78BB7}.Release|x86.Build.0 = Release|Win32
		{3160706F-23B1-4D5F-83DE-7F33577325FB}.Debug|x64.ActiveCfg = Debug|x64
		{3160706F-23B1-4D5F-83DE-7F33577325FB}.Debug|x64.Build.0 = Debug|x64
		{3160706F-23B1-4D5F-83DE-7F33577325FB}.Debug|x86.ActiveCfg = Debug|Win32
		{3160706F-23B1-4D5F-83DE-7F33577325FB}.Debug|x86.Build.0 = Debug|Win32
		{3160706F-23B1-4D5F-83DE-7F33577325FB}.Release|x64.ActiveCfg = Release|x64
		{3160706F-23B1-4D5F-83DE-7F33577325FB}.Release|x64.Build.0 = Release|x64
		{3160706F-23B1-4D5F-83DE-7F33577325FB}.Release|x86.ActiveCfg = Release|Win32
		{3160706F-23B1-4D5F-83DE-7F33577325FB}.Release|x86.Build.0 = Release|Win32
		{9710D0E6-CE03-447E-9DB7-00982363C58A}.Debug|x64.ActiveCfg = Debug|x64
		{9710D0E6-CE03-447E-9DB7-00982363C58A}.Debug|x64.Build.0 = Debug|x64
		{9710D0E6-CE03-447E-9DB7-00982363C58A}.Debug|x86.ActiveCfg = Debug|Win32
		{9710D0E6-CE03-447E-9DB7-00982363C58A}.Debug|x86.Build.0 = Debug|Win32
		{9710D0E6-CE03-447E-9DB7-00982363C58A}.Release|x64.ActiveCfg = Release|x64
		{9710D0E6-CE03-447E-9DB7-00982363C58A}.Release|x64.Build.0 = Release|x64
		{9710D0E6-CE03-447E-9DB7-00982363C58A}.Release|x86.ActiveCfg = Release|Win32
		{9710D0E6-CE03-447E-9DB7-00982363C58A}.Release|x86.Build.0 = Release|Win32
		{4B06F4AA-FC6B-4FF1-A939-20994E9FD7E3}.Debug|x64.ActiveCfg = Debug|x64
		{4B06F4AA-FC6B-4FF1-A939-20994E9FD7E3}.Debug|x64.Build.0 = Debug|x64
		{4B06F4AA-FC6B-4FF1-A939-20994E9FD7E3}.Debug|x86.ActiveCfg = Debug|Win32
		{4B06F4AA-FC6B-4FF1-A939-20994E9FD7E3}.Debug|x86.Build.0 = Debug|Win32
		{4B06F4AA-FC6B-4FF1-A939-20994E9FD7E3}.Release|x64.ActiveCfg = Release|x64
		{4B06F4AA-FC6B-4FF1-A939-20994E9FD7E3}.Release|x64.Build.0 = Release|x64
		{4B06F4AA-FC6B-4FF1-A939-20994E9FD7E3}.Release|x86.ActiveCfg = Release|Win32
		{4B06F4AA-FC6B-4FF1-A939-20994E9FD7E3}.Release|x86.Build.0 = Release|Win32
		{897AA571-0923-4A69-A222-FE7ECF5B884C}.Debug|x64.ActiveCfg = Debug|x64
		{897AA571-0923-4A69-A222-FE7ECF5B884C}.Debug|x64.Build.0 = Debug|x64
		{897AA571-0923-4A69-A222-FE7ECF5B884C}.Debug|x86.ActiveCfg = Debug|Win32
		{897AA571-0923-4A69-A222-FE7ECF5B884C}.Debug|x86.Build.0 = Debug|Win32
		{897AA571-0923-4A69-A222-FE7ECF5B884C}.Release|x64.ActiveCfg = Release|x64
		{897AA571-0923-4A69-A222-FE7ECF5B884C}.Release|x64.Build.0 = Release|x64
		{897AA571-0923-4A69-A222-FE7ECF5B884C}.Release|x86.ActiveCfg = Release|Win32
		{897AA571-0923-4A69-A222-FE7ECF5B884C}.Release|x86.Build.0 = Release|Win32
		{5E98725D-CA55-4B25-BC75-F4C2C20590D6}.Debug|x64.ActiveCfg = Debug|x64
		{5E98725D-CA55-4B25-BC75-F4C2C20590D6}.Debug|x64.Build.0 = Debug|x64
		{5E98725D-CA55-4B25-BC75-F4C2C20590D6}.Debug|x86.ActiveCfg = Debug|Win32
		{5E98725D-CA55-4B25-BC75-F4C2C20590D6}.Debug|x86.Build.0 = Debug|Win32
		{5E98725D-CA55-4B25-BC75-F4C2C20590D6}.Release|x64.ActiveCfg = Release|x64
		{5E98725D-CA55-4B25-BC75-F4C2C20590D6}.Release|x64.Build.0 = Release|x64
		{5E98725D-CA55-4B25-BC75-F4C2C20590D6}.Release|x86.ActiveCfg = Release|Win32
		{5E98725D-CA55-4B25-BC75-F4C2C20590D6}.Release|x86.Build.0 = Release|Win32
		{E4B64873-9F69-4F7F-BBE1-CBCD2C2DF71F}.Debug|x64.ActiveCfg = Debug|x64
		{E4B64873-9F69-4F7F-BBE1-CBCD2C2DF71F}.Debug|x64.Build.0 = Debug|x64
		{E4B64873-9F69-4F7F-BBE1-CBCD2C2DF71F}.Debug|x86.ActiveCfg = Debug|Win32
		{E4B64873-9F69-4F7F-BBE1-CBCD2C2DF71F}.Debug|x86.Build.0 = Debug|Win32
		{E4B64873-9F69-4F7F-BBE1-CBCD2C2DF71F}.Release|x64.ActiveCfg = Release|x64
		{E4B64873-9F69-4F7F-BBE1-CBCD2C2DF71F}.Release|x64.Build.0 = Release|x64
		{E4B64873-9F69-4F7F-BBE1-CBCD2C2DF71F}.Release|x86.ActiveCfg = Release|Win32
		{E4B64873-9F69-4F7F-BBE1-CBCD2C2DF71F}.Release|x86.Build.0 = Release|Win32
		{7DB10B50-CE00-4D7A-B322-6824F05D2FCB}.Debug|x64.ActiveCfg = Debug|x64
		{7DB10B50-CE00-4D7A-B322-6824F05D2FCB}.Debug|x64.Build.0 = Debug|x64
		{7DB10B50-CE00-4D7A-B322-6824F05D2FCB}.Debug|x86.ActiveCfg = Debug|Win32
		{7DB10B50-CE00-4D7A-B322-6824F05D2FCB}.Debug|x86.Build.0 = Debug|Win32
		{7DB10B50-CE00-4D7A-B322-6824F05D2FCB}.Release|x64.ActiveCfg = Release|x64
		{7DB10B50-CE00-4D7A-B322-6824F05D2FCB}.Release|x64.Build.0 = Release|x64
		{7DB10B50-CE00-4D7A-B322-6824F05D2FCB}.Release|x86.ActiveCfg = Release|Win32
		{7DB10B50-CE00-4D7A-B322-6824F05D2FCB}.Release|x86.Build.0 = Release|Win32
		{3EDA72B4-0BF1-4D04-ADE4-B6ED77CDB985}.Debug|x64.ActiveCfg = Debug|x64
		{3EDA72B4-0BF1-4D04-ADE4-B6ED77CDB985}.Debug|x64.Build.0 = Debug|x64
		{3EDA72B4-0BF1-4D04-ADE4-B6ED77CDB985}.Debug|x86.ActiveCfg = Debug|Win32
		{3EDA72B4-0BF1-4D04-ADE4-B6ED77CDB985}.Debug|x86.Build.0 = Debug|Win32
		{3EDA72B4-0BF1-4D04-ADE4-B6ED77CDB985}.Release|x64.ActiveCfg = Release|x64
		{3EDA72B4-0BF1-4D04-ADE4-B6ED77CDB985}.Release|x64.Build.0 = Release|x64
		{3EDA72B4-0BF1-4D04-ADE4-B6ED77CDB985}.Release|x86.ActiveCfg = Release|Win32
		{3EDA72B4-0BF1-4D04-ADE4-B6ED77CDB985}.Release|x86.Build.0 = Release|Win32
		{40019CFF-D32E-4BCF-9831-17F1F15690C5}.Debug|x64.ActiveCfg = Debug|x64
		{40019CFF-D32E-4BCF-9831-17F1F15690C5}.Debug|x64.Build.0 = Debug|x64
		{40019CFF-D32E-4BCF-9831-17F1F15690C5}.Debug|x86.ActiveCfg = Debug|Win32
		{40019CFF-D32E-4BCF-9831-17F1F15690C5}.Debug|x86.Build.0 = Debug|Win32
		{40019CFF-D32E-4BCF-9831-17F1F15690C5}.Release|x64.ActiveCfg = Release|x64
		{40019CFF-D32E-4BCF-9831-17F1F15690C5}.Release|x64.Build.0 = Release|x64
		{40019CFF-D32E-4BCF-9831-17F1F15690C5}.Release|x86.ActiveCfg = Release|Win32
		{40019CFF-D32E-4BCF-9831-17F1F15690C5}.Release|x86.Build.0 = Release|Win32
	EndGlobalSection
	GlobalSection(SolutionProperties) = preSolution
		HideSolutionNode = FALSE
	EndGlobalSection
EndGlobal
